
Microsoft Visual Studio Solution File, Format Version 12.00
# Visual Studio Version 16
VisualStudioVersion = 16.0.29613.14
MinimumVisualStudioVersion = 10.0.40219.1
Project("{FAE04EC0-301F-11D3-BF4B-00C04F79EFBC}") = "GA.AED.Sort", "GA.AED.Sort\GA.AED.Sort.csproj", "{36C39C8D-EC0E-4509-8E45-D1E6F2322F51}"
EndProject
Global
	GlobalSection(SolutionConfigurationPlatforms) = preSolution
		Debug|Any CPU = Debug|Any CPU
		Release|Any CPU = Release|Any CPU
	EndGlobalSection
	GlobalSection(ProjectConfigurationPlatforms) = postSolution
		{36C39C8D-EC0E-4509-8E45-D1E6F2322F51}.Debug|Any CPU.ActiveCfg = Debug|Any CPU
		{36C39C8D-EC0E-4509-8E45-D1E6F2322F51}.Debug|Any CPU.Build.0 = Debug|Any CPU
		{36C39C8D-EC0E-4509-8E45-D1E6F2322F51}.Release|Any CPU.ActiveCfg = Release|Any CPU
		{36C39C8D-EC0E-4509-8E45-D1E6F2322F51}.Release|Any CPU.Build.0 = Release|Any CPU
	EndGlobalSection
	GlobalSection(SolutionProperties) = preSolution
		HideSolutionNode = FALSE
	EndGlobalSection
	GlobalSection(ExtensibilityGlobals) = postSolution
		SolutionGuid = {5FDBBD8D-7256-4D62-B363-D91BD3CCC4FE}
	EndGlobalSection
EndGlobal
